
Microsoft Visual Studio Solution File, Format Version 12.00
# Visual Studio 15
Project("{FAE04EC0-301F-11D3-BF4B-00C04F79EFBC}") = "NahodnaCesta", "NahodnaCesta\NahodnaCesta.csproj", "{913B4C5F-F3F4-4EB3-ACCD-FD57315136D6}"
EndProject
Global
	GlobalSection(SolutionConfigurationPlatforms) = preSolution
		Debug|x86 = Debug|x86
		Release|x86 = Release|x86
	EndGlobalSection
	GlobalSection(ProjectConfigurationPlatforms) = postSolution
		{913B4C5F-F3F4-4EB3-ACCD-FD57315136D6}.Debug|x86.ActiveCfg = Debug|x86
		{913B4C5F-F3F4-4EB3-ACCD-FD57315136D6}.Debug|x86.Build.0 = Debug|x86
		{913B4C5F-F3F4-4EB3-ACCD-FD57315136D6}.Release|x86.ActiveCfg = Release|x86
		{913B4C5F-F3F4-4EB3-ACCD-FD57315136D6}.Release|x86.Build.0 = Release|x86
	EndGlobalSection
EndGlobal
